// !$*UTF8*$!
{
	archiveVersion = 1;
	classes = {
	};
	objectVersion = 50;
	objects = {

/* Begin PBXBuildFile section */
		2A7BE67D24254EC30040C77C /* AppDelegate.swift in Sources */ = {isa = PBXBuildFile; fileRef = 2A7BE67C24254EC30040C77C /* AppDelegate.swift */; };
		2A7BE67F24254EC30040C77C /* SceneDelegate.swift in Sources */ = {isa = PBXBuildFile; fileRef = 2A7BE67E24254EC30040C77C /* SceneDelegate.swift */; };
		2A7BE68424254EC30040C77C /* Main.storyboard in Resources */ = {isa = PBXBuildFile; fileRef = 2A7BE68224254EC30040C77C /* Main.storyboard */; };
		2A7BE68624254EC50040C77C /* Assets.xcassets in Resources */ = {isa = PBXBuildFile; fileRef = 2A7BE68524254EC50040C77C /* Assets.xcassets */; };
		2A7BE68924254EC50040C77C /* LaunchScreen.storyboard in Resources */ = {isa = PBXBuildFile; fileRef = 2A7BE68724254EC50040C77C /* LaunchScreen.storyboard */; };
		2A7BE69A24254EE10040C77C /* HiHat.wav in Resources */ = {isa = PBXBuildFile; fileRef = 2A7BE69124254EE10040C77C /* HiHat.wav */; };
		2A7BE69B24254EE10040C77C /* HighTom.wav in Resources */ = {isa = PBXBuildFile; fileRef = 2A7BE69224254EE10040C77C /* HighTom.wav */; };
		2A7BE69C24254EE10040C77C /* LowTom.wav in Resources */ = {isa = PBXBuildFile; fileRef = 2A7BE69324254EE10040C77C /* LowTom.wav */; };
		2A7BE69D24254EE10040C77C /* Kick.wav in Resources */ = {isa = PBXBuildFile; fileRef = 2A7BE69424254EE10040C77C /* Kick.wav */; };
		2A7BE69E24254EE10040C77C /* Snare.wav in Resources */ = {isa = PBXBuildFile; fileRef = 2A7BE69524254EE10040C77C /* Snare.wav */; };
		2A7BE69F24254EE10040C77C /* Clap.wav in Resources */ = {isa = PBXBuildFile; fileRef = 2A7BE69624254EE10040C77C /* Clap.wav */; };
		2A7BE6A024254EE10040C77C /* CowBell.wav in Resources */ = {isa = PBXBuildFile; fileRef = 2A7BE69724254EE10040C77C /* CowBell.wav */; };
		2A7BE6A124254EE10040C77C /* MedTom.wav in Resources */ = {isa = PBXBuildFile; fileRef = 2A7BE69824254EE10040C77C /* MedTom.wav */; };
		2A7BE6A224254EE10040C77C /* RimShot.wav in Resources */ = {isa = PBXBuildFile; fileRef = 2A7BE69924254EE10040C77C /* RimShot.wav */; };
		2A7BE6A524254EFA0040C77C /* StackViewController.swift in Sources */ = {isa = PBXBuildFile; fileRef = 2A7BE6A324254EFA0040C77C /* StackViewController.swift */; };
		2A7BE6A824254F4A0040C77C /* CustomButton.swift in Sources */ = {isa = PBXBuildFile; fileRef = 2A7BE6A724254F4A0040C77C /* CustomButton.swift */; };
/* End PBXBuildFile section */

/* Begin PBXFileReference section */
		2A7BE67924254EC30040C77C /* ayeBorg.app */ = {isa = PBXFileReference; explicitFileType = wrapper.application; includeInIndex = 0; path = ayeBorg.app; sourceTree = BUILT_PRODUCTS_DIR; };
		2A7BE67C24254EC30040C77C /* AppDelegate.swift */ = {isa = PBXFileReference; lastKnownFileType = sourcecode.swift; path = AppDelegate.swift; sourceTree = "<group>"; };
		2A7BE67E24254EC30040C77C /* SceneDelegate.swift */ = {isa = PBXFileReference; lastKnownFileType = sourcecode.swift; path = SceneDelegate.swift; sourceTree = "<group>"; };
		2A7BE68324254EC30040C77C /* Base */ = {isa = PBXFileReference; lastKnownFileType = file.storyboard; name = Base; path = Base.lproj/Main.storyboard; sourceTree = "<group>"; };
		2A7BE68524254EC50040C77C /* Assets.xcassets */ = {isa = PBXFileReference; lastKnownFileType = folder.assetcatalog; path = Assets.xcassets; sourceTree = "<group>"; };
		2A7BE68824254EC50040C77C /* Base */ = {isa = PBXFileReference; lastKnownFileType = file.storyboard; name = Base; path = Base.lproj/LaunchScreen.storyboard; sourceTree = "<group>"; };
		2A7BE68A24254EC50040C77C /* Info.plist */ = {isa = PBXFileReference; lastKnownFileType = text.plist.xml; path = Info.plist; sourceTree = "<group>"; };
		2A7BE69124254EE10040C77C /* HiHat.wav */ = {isa = PBXFileReference; lastKnownFileType = audio.wav; path = HiHat.wav; sourceTree = "<group>"; };
		2A7BE69224254EE10040C77C /* HighTom.wav */ = {isa = PBXFileReference; lastKnownFileType = audio.wav; path = HighTom.wav; sourceTree = "<group>"; };
		2A7BE69324254EE10040C77C /* LowTom.wav */ = {isa = PBXFileReference; lastKnownFileType = audio.wav; path = LowTom.wav; sourceTree = "<group>"; };
		2A7BE69424254EE10040C77C /* Kick.wav */ = {isa = PBXFileReference; lastKnownFileType = audio.wav; path = Kick.wav; sourceTree = "<group>"; };
		2A7BE69524254EE10040C77C /* Snare.wav */ = {isa = PBXFileReference; lastKnownFileType = audio.wav; path = Snare.wav; sourceTree = "<group>"; };
		2A7BE69624254EE10040C77C /* Clap.wav */ = {isa = PBXFileReference; lastKnownFileType = audio.wav; path = Clap.wav; sourceTree = "<group>"; };
		2A7BE69724254EE10040C77C /* CowBell.wav */ = {isa = PBXFileReference; lastKnownFileType = audio.wav; path = CowBell.wav; sourceTree = "<group>"; };
		2A7BE69824254EE10040C77C /* MedTom.wav */ = {isa = PBXFileReference; lastKnownFileType = audio.wav; path = MedTom.wav; sourceTree = "<group>"; };
		2A7BE69924254EE10040C77C /* RimShot.wav */ = {isa = PBXFileReference; lastKnownFileType = audio.wav; path = RimShot.wav; sourceTree = "<group>"; };
		2A7BE6A324254EFA0040C77C /* StackViewController.swift */ = {isa = PBXFileReference; fileEncoding = 4; lastKnownFileType = sourcecode.swift; path = StackViewController.swift; sourceTree = "<group>"; };
		2A7BE6A724254F4A0040C77C /* CustomButton.swift */ = {isa = PBXFileReference; fileEncoding = 4; lastKnownFileType = sourcecode.swift; path = CustomButton.swift; sourceTree = "<group>"; };
/* End PBXFileReference section */

/* Begin PBXFrameworksBuildPhase section */
		2A7BE67624254EC30040C77C /* Frameworks */ = {
			isa = PBXFrameworksBuildPhase;
			buildActionMask = 2147483647;
			files = (
			);
			runOnlyForDeploymentPostprocessing = 0;
		};
/* End PBXFrameworksBuildPhase section */

/* Begin PBXGroup section */
		2A7BE67024254EC30040C77C = {
			isa = PBXGroup;
			children = (
				2A7BE67B24254EC30040C77C /* ayeBorg */,
				2A7BE67A24254EC30040C77C /* Products */,
			);
			sourceTree = "<group>";
		};
		2A7BE67A24254EC30040C77C /* Products */ = {
			isa = PBXGroup;
			children = (
				2A7BE67924254EC30040C77C /* ayeBorg.app */,
			);
			name = Products;
			sourceTree = "<group>";
		};
		2A7BE67B24254EC30040C77C /* ayeBorg */ = {
			isa = PBXGroup;
			children = (
				2A7BE6A724254F4A0040C77C /* CustomButton.swift */,
				2A7BE67C24254EC30040C77C /* AppDelegate.swift */,
				2A7BE67E24254EC30040C77C /* SceneDelegate.swift */,
				2A7BE6A324254EFA0040C77C /* StackViewController.swift */,
				2A7BE69024254EE10040C77C /* sounds */,
				2A7BE68224254EC30040C77C /* Main.storyboard */,
				2A7BE68524254EC50040C77C /* Assets.xcassets */,
				2A7BE68724254EC50040C77C /* LaunchScreen.storyboard */,
				2A7BE68A24254EC50040C77C /* Info.plist */,
			);
			path = ayeBorg;
			sourceTree = "<group>";
		};
		2A7BE69024254EE10040C77C /* sounds */ = {
			isa = PBXGroup;
			children = (
				2A7BE69124254EE10040C77C /* HiHat.wav */,
				2A7BE69224254EE10040C77C /* HighTom.wav */,
				2A7BE69324254EE10040C77C /* LowTom.wav */,
				2A7BE69424254EE10040C77C /* Kick.wav */,
				2A7BE69524254EE10040C77C /* Snare.wav */,
				2A7BE69624254EE10040C77C /* Clap.wav */,
				2A7BE69724254EE10040C77C /* CowBell.wav */,
				2A7BE69824254EE10040C77C /* MedTom.wav */,
				2A7BE69924254EE10040C77C /* RimShot.wav */,
			);
			path = sounds;
			sourceTree = "<group>";
		};
/* End PBXGroup section */

/* Begin PBXNativeTarget section */
		2A7BE67824254EC30040C77C /* ayeBorg */ = {
			isa = PBXNativeTarget;
			buildConfigurationList = 2A7BE68D24254EC50040C77C /* Build configuration list for PBXNativeTarget "ayeBorg" */;
			buildPhases = (
				2A7BE67524254EC30040C77C /* Sources */,
				2A7BE67624254EC30040C77C /* Frameworks */,
				2A7BE67724254EC30040C77C /* Resources */,
			);
			buildRules = (
			);
			dependencies = (
			);
			name = ayeBorg;
			productName = ayeBorg;
			productReference = 2A7BE67924254EC30040C77C /* ayeBorg.app */;
			productType = "com.apple.product-type.application";
		};
/* End PBXNativeTarget section */

/* Begin PBXProject section */
		2A7BE67124254EC30040C77C /* Project object */ = {
			isa = PBXProject;
			attributes = {
				LastSwiftUpdateCheck = 1110;
				LastUpgradeCheck = 1110;
				ORGANIZATIONNAME = "Ira Theobold";
				TargetAttributes = {
					2A7BE67824254EC30040C77C = {
						CreatedOnToolsVersion = 11.1;
					};
				};
			};
			buildConfigurationList = 2A7BE67424254EC30040C77C /* Build configuration list for PBXProject "ayeBorg" */;
			compatibilityVersion = "Xcode 9.3";
			developmentRegion = en;
			hasScannedForEncodings = 0;
			knownRegions = (
				en,
				Base,
			);
			mainGroup = 2A7BE67024254EC30040C77C;
			productRefGroup = 2A7BE67A24254EC30040C77C /* Products */;
			projectDirPath = "";
			projectRoot = "";
			targets = (
				2A7BE67824254EC30040C77C /* ayeBorg */,
			);
		};
/* End PBXProject section */

/* Begin PBXResourcesBuildPhase section */
		2A7BE67724254EC30040C77C /* Resources */ = {
			isa = PBXResourcesBuildPhase;
			buildActionMask = 2147483647;
			files = (
				2A7BE68924254EC50040C77C /* LaunchScreen.storyboard in Resources */,
				2A7BE6A224254EE10040C77C /* RimShot.wav in Resources */,
				2A7BE6A024254EE10040C77C /* CowBell.wav in Resources */,
				2A7BE68624254EC50040C77C /* Assets.xcassets in Resources */,
				2A7BE69B24254EE10040C77C /* HighTom.wav in Resources */,
				2A7BE68424254EC30040C77C /* Main.storyboard in Resources */,
				2A7BE69F24254EE10040C77C /* Clap.wav in Resources */,
				2A7BE69D24254EE10040C77C /* Kick.wav in Resources */,
				2A7BE69C24254EE10040C77C /* LowTom.wav in Resources */,
				2A7BE69E24254EE10040C77C /* Snare.wav in Resources */,
				2A7BE6A124254EE10040C77C /* MedTom.wav in Resources */,
				2A7BE69A24254EE10040C77C /* HiHat.wav in Resources */,
			);
			runOnlyForDeploymentPostprocessing = 0;
		};
/* End PBXResourcesBuildPhase section */

/* Begin PBXSourcesBuildPhase section */
		2A7BE67524254EC30040C77C /* Sources */ = {
			isa = PBXSourcesBuildPhase;
			buildActionMask = 2147483647;
			files = (
				2A7BE6A524254EFA0040C77C /* StackViewController.swift in Sources */,
				2A7BE67D24254EC30040C77C /* AppDelegate.swift in Sources */,
				2A7BE67F24254EC30040C77C /* SceneDelegate.swift in Sources */,
				2A7BE6A824254F4A0040C77C /* CustomButton.swift in Sources */,
			);
			runOnlyForDeploymentPostprocessing = 0;
		};
/* End PBXSourcesBuildPhase section */

/* Begin PBXVariantGroup section */
		2A7BE68224254EC30040C77C /* Main.storyboard */ = {
			isa = PBXVariantGroup;
			children = (
				2A7BE68324254EC30040C77C /* Base */,
			);
			name = Main.storyboard;
			sourceTree = "<group>";
		};
		2A7BE68724254EC50040C77C /* LaunchScreen.storyboard */ = {
			isa = PBXVariantGroup;
			children = (
				2A7BE68824254EC50040C77C /* Base */,
			);
			name = LaunchScreen.storyboard;
			sourceTree = "<group>";
		};
/* End PBXVariantGroup section */

/* Begin XCBuildConfiguration section */
		2A7BE68B24254EC50040C77C /* Debug */ = {
			isa = XCBuildConfiguration;
			buildSettings = {
				ALWAYS_SEARCH_USER_PATHS = NO;
				CLANG_ANALYZER_NONNULL = YES;
				CLANG_ANALYZER_NUMBER_OBJECT_CONVERSION = YES_AGGRESSIVE;
				CLANG_CXX_LANGUAGE_STANDARD = "gnu++14";
				CLANG_CXX_LIBRARY = "libc++";
				CLANG_ENABLE_MODULES = YES;
				CLANG_ENABLE_OBJC_ARC = YES;
				CLANG_ENABLE_OBJC_WEAK = YES;
				CLANG_WARN_BLOCK_CAPTURE_AUTORELEASING = YES;
				CLANG_WARN_BOOL_CONVERSION = YES;
				CLANG_WARN_COMMA = YES;
				CLANG_WARN_CONSTANT_CONVERSION = YES;
				CLANG_WARN_DEPRECATED_OBJC_IMPLEMENTATIONS = YES;
				CLANG_WARN_DIRECT_OBJC_ISA_USAGE = YES_ERROR;
				CLANG_WARN_DOCUMENTATION_COMMENTS = YES;
				CLANG_WARN_EMPTY_BODY = YES;
				CLANG_WARN_ENUM_CONVERSION = YES;
				CLANG_WARN_INFINITE_RECURSION = YES;
				CLANG_WARN_INT_CONVERSION = YES;
				CLANG_WARN_NON_LITERAL_NULL_CONVERSION = YES;
				CLANG_WARN_OBJC_IMPLICIT_RETAIN_SELF = YES;
				CLANG_WARN_OBJC_LITERAL_CONVERSION = YES;
				CLANG_WARN_OBJC_ROOT_CLASS = YES_ERROR;
				CLANG_WARN_RANGE_LOOP_ANALYSIS = YES;
				CLANG_WARN_STRICT_PROTOTYPES = YES;
				CLANG_WARN_SUSPICIOUS_MOVE = YES;
				CLANG_WARN_UNGUARDED_AVAILABILITY = YES_AGGRESSIVE;
				CLANG_WARN_UNREACHABLE_CODE = YES;
				CLANG_WARN__DUPLICATE_METHOD_MATCH = YES;
				COPY_PHASE_STRIP = NO;
				DEBUG_INFORMATION_FORMAT = dwarf;
				ENABLE_STRICT_OBJC_MSGSEND = YES;
				ENABLE_TESTABILITY = YES;
				GCC_C_LANGUAGE_STANDARD = gnu11;
				GCC_DYNAMIC_NO_PIC = NO;
				GCC_NO_COMMON_BLOCKS = YES;
				GCC_OPTIMIZATION_LEVEL = 0;
				GCC_PREPROCESSOR_DEFINITIONS = (
					"DEBUG=1",
					"$(inherited)",
				);
				GCC_WARN_64_TO_32_BIT_CONVERSION = YES;
				GCC_WARN_ABOUT_RETURN_TYPE = YES_ERROR;
				GCC_WARN_UNDECLARED_SELECTOR = YES;
				GCC_WARN_UNINITIALIZED_AUTOS = YES_AGGRESSIVE;
				GCC_WARN_UNUSED_FUNCTION = YES;
				GCC_WARN_UNUSED_VARIABLE = YES;
				IPHONEOS_DEPLOYMENT_TARGET = 13.1;
				MTL_ENABLE_DEBUG_INFO = INCLUDE_SOURCE;
				MTL_FAST_MATH = YES;
				ONLY_ACTIVE_ARCH = YES;
				SDKROOT = iphoneos;
				SWIFT_ACTIVE_COMPILATION_CONDITIONS = DEBUG;
				SWIFT_OPTIMIZATION_LEVEL = "-Onone";
			};
			name = Debug;
		};
		2A7BE68C24254EC50040C77C /* Release */ = {
			isa = XCBuildConfiguration;
			buildSettings = {
				ALWAYS_SEARCH_USER_PATHS = NO;
				CLANG_ANALYZER_NONNULL = YES;
				CLANG_ANALYZER_NUMBER_OBJECT_CONVERSION = YES_AGGRESSIVE;
				CLANG_CXX_LANGUAGE_STANDARD = "gnu++14";
				CLANG_CXX_LIBRARY = "libc++";
				CLANG_ENABLE_MODULES = YES;
				CLANG_ENABLE_OBJC_ARC = YES;
				CLANG_ENABLE_OBJC_WEAK = YES;
				CLANG_WARN_BLOCK_CAPTURE_AUTORELEASING = YES;
				CLANG_WARN_BOOL_CONVERSION = YES;
				CLANG_WARN_COMMA = YES;
				CLANG_WARN_CONSTANT_CONVERSION = YES;
				CLANG_WARN_DEPRECATED_OBJC_IMPLEMENTATIONS = YES;
				CLANG_WARN_DIRECT_OBJC_ISA_USAGE = YES_ERROR;
				CLANG_WARN_DOCUMENTATION_COMMENTS = YES;
				CLANG_WARN_EMPTY_BODY = YES;
				CLANG_WARN_ENUM_CONVERSION = YES;
				CLANG_WARN_INFINITE_RECURSION = YES;
				CLANG_WARN_INT_CONVERSION = YES;
				CLANG_WARN_NON_LITERAL_NULL_CONVERSION = YES;
				CLANG_WARN_OBJC_IMPLICIT_RETAIN_SELF = YES;
				CLANG_WARN_OBJC_LITERAL_CONVERSION = YES;
				CLANG_WARN_OBJC_ROOT_CLASS = YES_ERROR;
				CLANG_WARN_RANGE_LOOP_ANALYSIS = YES;
				CLANG_WARN_STRICT_PROTOTYPES = YES;
				CLANG_WARN_SUSPICIOUS_MOVE = YES;
				CLANG_WARN_UNGUARDED_AVAILABILITY = YES_AGGRESSIVE;
				CLANG_WARN_UNREACHABLE_CODE = YES;
				CLANG_WARN__DUPLICATE_METHOD_MATCH = YES;
				COPY_PHASE_STRIP = NO;
				DEBUG_INFORMATION_FORMAT = "dwarf-with-dsym";
				ENABLE_NS_ASSERTIONS = NO;
				ENABLE_STRICT_OBJC_MSGSEND = YES;
				GCC_C_LANGUAGE_STANDARD = gnu11;
				GCC_NO_COMMON_BLOCKS = YES;
				GCC_WARN_64_TO_32_BIT_CONVERSION = YES;
				GCC_WARN_ABOUT_RETURN_TYPE = YES_ERROR;
				GCC_WARN_UNDECLARED_SELECTOR = YES;
				GCC_WARN_UNINITIALIZED_AUTOS = YES_AGGRESSIVE;
				GCC_WARN_UNUSED_FUNCTION = YES;
				GCC_WARN_UNUSED_VARIABLE = YES;
				IPHONEOS_DEPLOYMENT_TARGET = 13.1;
				MTL_ENABLE_DEBUG_INFO = NO;
				MTL_FAST_MATH = YES;
				SDKROOT = iphoneos;
				SWIFT_COMPILATION_MODE = wholemodule;
				SWIFT_OPTIMIZATION_LEVEL = "-O";
				VALIDATE_PRODUCT = YES;
			};
			name = Release;
		};
		2A7BE68E24254EC50040C77C /* Debug */ = {
			isa = XCBuildConfiguration;
			buildSettings = {
				ASSETCATALOG_COMPILER_APPICON_NAME = AppIcon;
				CODE_SIGN_STYLE = Automatic;
				DEVELOPMENT_TEAM = L8Z2Q6UBPE;
				INFOPLIST_FILE = ayeBorg/Info.plist;
				IPHONEOS_DEPLOYMENT_TARGET = 13.1;
				LD_RUNPATH_SEARCH_PATHS = (
					"$(inherited)",
					"@executable_path/Frameworks",
				);
				PRODUCT_BUNDLE_IDENTIFIER = com.bluerhodfa.ayeBorg;
				PRODUCT_NAME = "$(TARGET_NAME)";
				SWIFT_VERSION = 5.0;
				TARGETED_DEVICE_FAMILY = "1,2";
			};
			name = Debug;
		};
		2A7BE68F24254EC50040C77C /* Release */ = {
			isa = XCBuildConfiguration;
			buildSettings = {
				ASSETCATALOG_COMPILER_APPICON_NAME = AppIcon;
				CODE_SIGN_STYLE = Automatic;
				DEVELOPMENT_TEAM = L8Z2Q6UBPE;
				INFOPLIST_FILE = ayeBorg/Info.plist;
				IPHONEOS_DEPLOYMENT_TARGET = 13.1;
				LD_RUNPATH_SEARCH_PATHS = (
					"$(inherited)",
					"@executable_path/Frameworks",
				);
				PRODUCT_BUNDLE_IDENTIFIER = com.bluerhodfa.ayeBorg;
				PRODUCT_NAME = "$(TARGET_NAME)";
				SWIFT_VERSION = 5.0;
				TARGETED_DEVICE_FAMILY = "1,2";
			};
			name = Release;
		};
/* End XCBuildConfiguration section */

/* Begin XCConfigurationList section */
		2A7BE67424254EC30040C77C /* Build configuration list for PBXProject "ayeBorg" */ = {
			isa = XCConfigurationList;
			buildConfigurations = (
				2A7BE68B24254EC50040C77C /* Debug */,
				2A7BE68C24254EC50040C77C /* Release */,
			);
			defaultConfigurationIsVisible = 0;
			defaultConfigurationName = Release;
		};
		2A7BE68D24254EC50040C77C /* Build configuration list for PBXNativeTarget "ayeBorg" */ = {
			isa = XCConfigurationList;
			buildConfigurations = (
				2A7BE68E24254EC50040C77C /* Debug */,
				2A7BE68F24254EC50040C77C /* Release */,
			);
			defaultConfigurationIsVisible = 0;
			defaultConfigurationName = Release;
		};
/* End XCConfigurationList section */
	};
	rootObject = 2A7BE67124254EC30040C77C /* Project object */;
}
